github.com/ansoni/termination v0.0.0-20180331084109-fbab1bcf5aa4 h1:d312oCCrt+8O6gGqHeA5IYjMUyPierQ+l4aFiWeupog=
github.com/ansoni/termination v0.0.0-20180331084109-fbab1bcf5aa4/go.mod h1:WhtxLTOb1yUXt5DIRg05eUgwcS+NIjw1qt9ZbZE5jbg=
github.com/dhconnelly/rtreego v0.0.0-20180221160750-bfdb5de0e5dc h1:gAbayXnscrkzHUeM19IfuBXXAEcOK0hBQcFBfhAZxv8=
github.com/dhconnelly/rtreego v0.0.0-20180221160750-bfdb5de0e5dc/go.mod h1:yTUzNYMQuJ9abDiYcwHYImSD992rGw+/RP5J9cQx720=
github.com/mattn/go-runewidth v0.0.13 h1:lTGmDsbAYt5DmK6OnoV7EuIF1wEIFAcxld6ypU4OSgU=
github.com/mattn/go-runewidth v0.0.13/go.mod h1:Jdepj2loyihRzMpdS35Xk/zdY8IAYHsh153qUoGf23w=
github.com/nsf/termbox-go v0.0.0-20180303152453-e2050e41c884 h1:fcs71SMqqDhUD+PbpIv9xf3EH9F9s6HfiLwr6jKm1VA=
github.com/nsf/termbox-go v0.0.0-20180303152453-e2050e41c884/go.mod h1:IuKpRQcYE1Tfu+oAQqaLisqDeXgjyyltCfsaoYN18NQ=
github.com/rivo/uniseg v0.2.0 h1:S1pD9weZBuJdFmowNwbpi7BJ8TNftyUImj/0WQi72jY=
github.com/rivo/uniseg v0.2.0/go.mod h1:J6wj4VEh+S6ZtnVlnTBMWIodfgj8LQOQFoIToxlJtxc=
